Microsoft Visual Studio Solution File, Format Version 12.00
# Visual Studio Version 17
VisualStudioVersion = 17.5.2.0
MinimumVisualStudioVersion = 10.0.40219.1
Project("{FAE04EC0-301F-11D3-BF4B-00C04F79EFBC}") = "WebChatApp", "WebChatApp.csproj", "{BC6F4ADB-69EF-81AA-E9E7-49AE74A0DDFF}"
EndProject
Global
	GlobalSection(SolutionConfigurationPlatforms) = preSolution
		Debug|Any CPU = Debug|Any CPU
		Release|Any CPU = Release|Any CPU
	EndGlobalSection
	GlobalSection(ProjectConfigurationPlatforms) = postSolution
		{BC6F4ADB-69EF-81AA-E9E7-49AE74A0DDFF}.Debug|Any CPU.ActiveCfg = Debug|Any CPU
		{BC6F4ADB-69EF-81AA-E9E7-49AE74A0DDFF}.Debug|Any CPU.Build.0 = Debug|Any CPU
		{BC6F4ADB-69EF-81AA-E9E7-49AE74A0DDFF}.Release|Any CPU.ActiveCfg = Release|Any CPU
		{BC6F4ADB-69EF-81AA-E9E7-49AE74A0DDFF}.Release|Any CPU.Build.0 = Release|Any CPU
	EndGlobalSection
	GlobalSection(SolutionProperties) = preSolution
		HideSolutionNode = FALSE
	EndGlobalSection
	GlobalSection(ExtensibilityGlobals) = postSolution
		SolutionGuid = {1EA4507A-C4C2-4899-B391-C458929E198D}
	EndGlobalSection
EndGlobal
